
Microsoft Visual Studio Solution File, Format Version 12.00
# Visual Studio Version 16
VisualStudioVersion = 16.0.28922.388
MinimumVisualStudioVersion = 10.0.40219.1
Project("{FAE04EC0-301F-11D3-BF4B-00C04F79EFBC}") = "LSystemTest", "LSystemTest\LSystemTest.csproj", "{CA2A4E08-2E0F-4682-B14C-D63B75094ACB}"
EndProject
Project("{FAE04EC0-301F-11D3-BF4B-00C04F79EFBC}") = "LSystem", "LSystem\LSystem.csproj", "{32BEE78D-D5C8-46C9-AA7D-90F78A46FEF4}"
EndProject
Global
	GlobalSection(SolutionConfigurationPlatforms) = preSolution
		Debug|Any CPU = Debug|Any CPU
		Release|Any CPU = Release|Any CPU
	EndGlobalSection
	GlobalSection(ProjectConfigurationPlatforms) = postSolution
		{CA2A4E08-2E0F-4682-B14C-D63B75094ACB}.Debug|Any CPU.ActiveCfg = Debug|Any CPU
		{CA2A4E08-2E0F-4682-B14C-D63B75094ACB}.Debug|Any CPU.Build.0 = Debug|Any CPU
		{CA2A4E08-2E0F-4682-B14C-D63B75094ACB}.Release|Any CPU.ActiveCfg = Release|Any CPU
		{CA2A4E08-2E0F-4682-B14C-D63B75094ACB}.Release|Any CPU.Build.0 = Release|Any CPU
		{32BEE78D-D5C8-46C9-AA7D-90F78A46FEF4}.Debug|Any CPU.ActiveCfg = Debug|Any CPU
		{32BEE78D-D5C8-46C9-AA7D-90F78A46FEF4}.Debug|Any CPU.Build.0 = Debug|Any CPU
		{32BEE78D-D5C8-46C9-AA7D-90F78A46FEF4}.Release|Any CPU.ActiveCfg = Release|Any CPU
		{32BEE78D-D5C8-46C9-AA7D-90F78A46FEF4}.Release|Any CPU.Build.0 = Release|Any CPU
	EndGlobalSection
	GlobalSection(SolutionProperties) = preSolution
		HideSolutionNode = FALSE
	EndGlobalSection
	GlobalSection(ExtensibilityGlobals) = postSolution
		SolutionGuid = {F7536A86-F2C4-4BDA-8712-4F61A7EB9554}
	EndGlobalSection
EndGlobal
